<?xml version="1.0" encoding="utf-8"?>
<Project ToolsVersion="4.0" xmlns="http://schemas.microsoft.com/developer/msbuild/2003">
  <ItemGroup>
    <Filter Include="Fichiers sources">
      <UniqueIdentifier>{4FC737F1-C7A5-4376-A066-2A32D752A2FF}</UniqueIdentifier>
      <Extensions>cpp;c;cc;cxx;c++;cppm;ixx;def;odl;idl;hpj;bat;asm;asmx</Extensions>
    </Filter>
    <Filter Include="Fichiers d%27en-tête">
      <UniqueIdentifier>{93995380-89BD-4b04-88EB-625FBE52EBFB}</UniqueIdentifier>
      <Extensions>h;hh;hpp;hxx;h++;hm;inl;inc;ipp;xsd</Extensions>
    </Filter>
    <Filter Include="Fichiers de ressources">
      <UniqueIdentifier>{67DA6AB6-F800-4c08-8B7A-83BB121AAD01}</UniqueIdentifier>
      <Extensions>rc;ico;cur;bmp;dlg;rc2;rct;bin;rgs;gif;jpg;jpeg;jpe;resx;tiff;tif;png;wav;mfcribbon-ms</Extensions>
    </Filter>
    <Filter Include="src">
      <UniqueIdentifier>{46a5b356-a5a2-49b3-9212-258200665df7}</UniqueIdentifier>
    </Filter>
    <Filter Include="Fichiers sources\imgui">
      <UniqueIdentifier>{4ecd2fa5-e5e5-4c26-a7fc-f450e37c2581}</UniqueIdentifier>
    </Filter>
    <Filter Include="Fichiers d%27en-tête\imgui">
      <UniqueIdentifier>{915248ea-d8df-40b5-abd6-289abbfae852}</UniqueIdentifier>
    </Filter>
    <Filter Include="Fichiers d%27en-tête\Graphics">
      <UniqueIdentifier>{bb7c284f-0f00-4cb0-9586-8a0219a37eef}</UniqueIdentifier>
    </Filter>
    <Filter Include="Fichiers sources\Graphics">
      <UniqueIdentifier>{2fdf32ec-dbd9-4e67-bc03-93a727c13af7}</UniqueIdentifier>
    </Filter>
    <Filter Include="Fichiers d%27en-tête\Core">
      <UniqueIdentifier>{7e58511e-f8dd-4dcc-8b7f-d1fa0d387111}</UniqueIdentifier>
    </Filter>
    <Filter Include="Fichiers sources\Core">
      <UniqueIdentifier>{03c69b60-b401-4f06-8dd3-8dae716e504d}</UniqueIdentifier>
    </Filter>
    <Filter Include="Fichiers d%27en-tête\events">
      <UniqueIdentifier>{e29dd51f-0266-489a-854e-3b76395911fe}</UniqueIdentifier>
    </Filter>
    <Filter Include="Fichiers sources\events">
      <UniqueIdentifier>{d377b5e5-e851-467d-af58-145d92ac856e}</UniqueIdentifier>
    </Filter>
    <Filter Include="Fichiers d%27en-tête\RT">
      <UniqueIdentifier>{bd67ff3c-c944-4b96-b7b2-9d97c6ad136e}</UniqueIdentifier>
    </Filter>
  </ItemGroup>
  <ItemGroup>
    <ClCompile Include="Main.cpp">
      <Filter>Fichiers sources</Filter>
    </ClCompile>
    <ClCompile Include="..\dependencies\IMGUI\imgui\imgui.cpp">
      <Filter>Fichiers sources\imgui</Filter>
    </ClCompile>
    <ClCompile Include="..\dependencies\IMGUI\imgui\imgui_draw.cpp">
      <Filter>Fichiers sources\imgui</Filter>
    </ClCompile>
    <ClCompile Include="..\dependencies\IMGUI\imgui\imgui_tables.cpp">
      <Filter>Fichiers sources\imgui</Filter>
    </ClCompile>
    <ClCompile Include="..\dependencies\IMGUI\imgui\imgui_widgets.cpp">
      <Filter>Fichiers sources\imgui</Filter>
    </ClCompile>
    <ClCompile Include="..\dependencies\IMGUI\imgui\imgui_impl_glfw.cpp">
      <Filter>Fichiers sources\imgui</Filter>
    </ClCompile>
    <ClCompile Include="..\dependencies\IMGUI\imgui\imgui_impl_opengl3.cpp">
      <Filter>Fichiers sources\imgui</Filter>
    </ClCompile>
    <ClCompile Include="InputManager.cpp">
      <Filter>Fichiers sources</Filter>
    </ClCompile>
  </ItemGroup>
  <ItemGroup>
    <ClInclude Include="..\dependencies\IMGUI\imgui\imconfig.h">
      <Filter>Fichiers d%27en-tête\imgui</Filter>
    </ClInclude>
    <ClInclude Include="..\dependencies\IMGUI\imgui\imgui.h">
      <Filter>Fichiers d%27en-tête\imgui</Filter>
    </ClInclude>
    <ClInclude Include="..\dependencies\IMGUI\imgui\imgui_internal.h">
      <Filter>Fichiers d%27en-tête\imgui</Filter>
    </ClInclude>
    <ClInclude Include="..\dependencies\IMGUI\imgui\imstb_rectpack.h">
      <Filter>Fichiers d%27en-tête\imgui</Filter>
    </ClInclude>
    <ClInclude Include="..\dependencies\IMGUI\imgui\imstb_textedit.h">
      <Filter>Fichiers d%27en-tête\imgui</Filter>
    </ClInclude>
    <ClInclude Include="..\dependencies\IMGUI\imgui\imstb_truetype.h">
      <Filter>Fichiers d%27en-tête\imgui</Filter>
    </ClInclude>
    <ClInclude Include="..\dependencies\IMGUI\imgui\imgui_impl_glfw.h">
      <Filter>Fichiers d%27en-tête\imgui</Filter>
    </ClInclude>
    <ClInclude Include="..\dependencies\IMGUI\imgui\imgui_impl_opengl3.h">
      <Filter>Fichiers d%27en-tête\imgui</Filter>
    </ClInclude>
    <ClInclude Include="..\dependencies\IMGUI\imgui\imgui_impl_opengl3_loader.h">
      <Filter>Fichiers d%27en-tête\imgui</Filter>
    </ClInclude>
    <ClInclude Include="InputAction.h">
      <Filter>Fichiers d%27en-tête</Filter>
    </ClInclude>
    <ClInclude Include="InputManager.h">
      <Filter>Fichiers d%27en-tête</Filter>
    </ClInclude>
    <ClInclude Include="Event.h">
      <Filter>Fichiers d%27en-tête\events</Filter>
    </ClInclude>
    <ClInclude Include="..\..\RT\RT\camera.h">
      <Filter>Fichiers d%27en-tête\RT</Filter>
    </ClInclude>
    <ClInclude Include="..\..\RT\RT\color.h">
      <Filter>Fichiers d%27en-tête\RT</Filter>
    </ClInclude>
    <ClInclude Include="..\..\RT\RT\hittable.h">
      <Filter>Fichiers d%27en-tête\RT</Filter>
    </ClInclude>
    <ClInclude Include="..\..\RT\RT\hittable_list.h">
      <Filter>Fichiers d%27en-tête\RT</Filter>
    </ClInclude>
    <ClInclude Include="..\..\RT\RT\interval.h">
      <Filter>Fichiers d%27en-tête\RT</Filter>
    </ClInclude>
    <ClInclude Include="..\..\RT\RT\ray.h">
      <Filter>Fichiers d%27en-tête\RT</Filter>
    </ClInclude>
    <ClInclude Include="..\..\RT\RT\resource.h">
      <Filter>Fichiers d%27en-tête\RT</Filter>
    </ClInclude>
    <ClInclude Include="..\..\RT\RT\rtweekend.h">
      <Filter>Fichiers d%27en-tête\RT</Filter>
    </ClInclude>
    <ClInclude Include="..\..\RT\RT\sphere.h">
      <Filter>Fichiers d%27en-tête\RT</Filter>
    </ClInclude>
    <ClInclude Include="..\..\RT\RT\vec3.h">
      <Filter>Fichiers d%27en-tête\RT</Filter>
    </ClInclude>
  </ItemGroup>
</Project>